
Microsoft Visual Studio Solution File, Format Version 12.00
# Visual Studio Version 16
VisualStudioVersion = 16.0.29418.71
MinimumVisualStudioVersion = 10.0.40219.1
Project("{FAE04EC0-301F-11D3-BF4B-00C04F79EFBC}") = "ProjetoIntegradorWeb", "ProjetoIntegradorWeb\ProjetoIntegradorWeb.csproj", "{1098D1B1-DA2E-482E-A6AB-5E85E2C64581}"
EndProject
Global
	GlobalSection(SolutionConfigurationPlatforms) = preSolution
		Debug|Any CPU = Debug|Any CPU
		Release|Any CPU = Release|Any CPU
	EndGlobalSection
	GlobalSection(ProjectConfigurationPlatforms) = postSolution
		{1098D1B1-DA2E-482E-A6AB-5E85E2C64581}.Debug|Any CPU.ActiveCfg = Debug|Any CPU
		{1098D1B1-DA2E-482E-A6AB-5E85E2C64581}.Debug|Any CPU.Build.0 = Debug|Any CPU
		{1098D1B1-DA2E-482E-A6AB-5E85E2C64581}.Release|Any CPU.ActiveCfg = Release|Any CPU
		{1098D1B1-DA2E-482E-A6AB-5E85E2C64581}.Release|Any CPU.Build.0 = Release|Any CPU
	EndGlobalSection
	GlobalSection(SolutionProperties) = preSolution
		HideSolutionNode = FALSE
	EndGlobalSection
	GlobalSection(ExtensibilityGlobals) = postSolution
		SolutionGuid = {6639D750-1C12-4C4E-A6CE-655EB5ADCE4F}
	EndGlobalSection
EndGlobal
